// !$*UTF8*$!
{
	archiveVersion = 1;
	classes = {
	};
	objectVersion = 77;
	objects = {

/* Begin PBXBuildFile section */
		881962C92E550A8E00A3B0A9 /* WidgetKit.framework in Frameworks */ = {isa = PBXBuildFile; fileRef = 881962C82E550A8E00A3B0A9 /* WidgetKit.framework */; };
		881962CB2E550A8E00A3B0A9 /* SwiftUI.framework in Frameworks */ = {isa = PBXBuildFile; fileRef = 881962CA2E550A8E00A3B0A9 /* SwiftUI.framework */; };
		881962DC2E550A9000A3B0A9 /* LeftoversWidgetExtension.appex in Embed Foundation Extensions */ = {isa = PBXBuildFile; fileRef = 881962C62E550A8D00A3B0A9 /* LeftoversWidgetExtension.appex */; settings = {ATTRIBUTES = (RemoveHeadersOnCopy, ); }; };
/* End PBXBuildFile section */

/* Begin PBXContainerItemProxy section */
		881962902E54164200A3B0A9 /* PBXContainerItemProxy */ = {
			isa = PBXContainerItemProxy;
			containerPortal = 8819627A2E54164000A3B0A9 /* Project object */;
			proxyType = 1;
			remoteGlobalIDString = 881962812E54164000A3B0A9;
			remoteInfo = Leftovers;
		};
		8819629A2E54164200A3B0A9 /* PBXContainerItemProxy */ = {
			isa = PBXContainerItemProxy;
			containerPortal = 8819627A2E54164000A3B0A9 /* Project object */;
			proxyType = 1;
			remoteGlobalIDString = 881962812E54164000A3B0A9;
			remoteInfo = Leftovers;
		};
		881962DA2E550A9000A3B0A9 /* PBXContainerItemProxy */ = {
			isa = PBXContainerItemProxy;
			containerPortal = 8819627A2E54164000A3B0A9 /* Project object */;
			proxyType = 1;
			remoteGlobalIDString = 881962C52E550A8D00A3B0A9;
			remoteInfo = LeftoversWidgetExtension;
		};
/* End PBXContainerItemProxy section */

/* Begin PBXCopyFilesBuildPhase section */
		881962E12E550A9000A3B0A9 /* Embed Foundation Extensions */ = {
			isa = PBXCopyFilesBuildPhase;
			buildActionMask = 2147483647;
			dstPath = "";
			dstSubfolderSpec = 13;
			files = (
				881962DC2E550A9000A3B0A9 /* LeftoversWidgetExtension.appex in Embed Foundation Extensions */,
			);
			name = "Embed Foundation Extensions";
			runOnlyForDeploymentPostprocessing = 0;
		};
/* End PBXCopyFilesBuildPhase section */

/* Begin PBXFileReference section */
		881962822E54164000A3B0A9 /* Leftovers.app */ = {isa = PBXFileReference; explicitFileType = wrapper.application; includeInIndex = 0; path = Leftovers.app; sourceTree = BUILT_PRODUCTS_DIR; };
		8819628F2E54164200A3B0A9 /* LeftoversTests.xctest */ = {isa = PBXFileReference; explicitFileType = wrapper.cfbundle; includeInIndex = 0; path = LeftoversTests.xctest; sourceTree = BUILT_PRODUCTS_DIR; };
		881962992E54164200A3B0A9 /* LeftoversUITests.xctest */ = {isa = PBXFileReference; explicitFileType = wrapper.cfbundle; includeInIndex = 0; path = LeftoversUITests.xctest; sourceTree = BUILT_PRODUCTS_DIR; };
		881962C62E550A8D00A3B0A9 /* LeftoversWidgetExtension.appex */ = {isa = PBXFileReference; explicitFileType = "wrapper.app-extension"; includeInIndex = 0; path = LeftoversWidgetExtension.appex; sourceTree = BUILT_PRODUCTS_DIR; };
		881962C82E550A8E00A3B0A9 /* WidgetKit.framework */ = {isa = PBXFileReference; lastKnownFileType = wrapper.framework; name = WidgetKit.framework; path = System/Library/Frameworks/WidgetKit.framework; sourceTree = SDKROOT; };
		881962CA2E550A8E00A3B0A9 /* SwiftUI.framework */ = {isa = PBXFileReference; lastKnownFileType = wrapper.framework; name = SwiftUI.framework; path = System/Library/Frameworks/SwiftUI.framework; sourceTree = SDKROOT; };
		881962F02E5D391500A3B0A9 /* LeftoversWidgetExtension.entitlements */ = {isa = PBXFileReference; lastKnownFileType = text.plist.entitlements; path = LeftoversWidgetExtension.entitlements; sourceTree = "<group>"; };
/* End PBXFileReference section */

/* Begin PBXFileSystemSynchronizedBuildFileExceptionSet section */
		881962DD2E550A9000A3B0A9 /* Exceptions for "LeftoversWidget" folder in "LeftoversWidgetExtension" target */ = {
			isa = PBXFileSystemSynchronizedBuildFileExceptionSet;
			membershipExceptions = (
				Info.plist,
			);
			target = 881962C52E550A8D00A3B0A9 /* LeftoversWidgetExtension */;
		};
		881962E52E550B9500A3B0A9 /* Exceptions for "Leftovers" folder in "LeftoversWidgetExtension" target */ = {
			isa = PBXFileSystemSynchronizedBuildFileExceptionSet;
			membershipExceptions = (
				Models/Item.swift,
				ShareKeys.swift,
				ViewModels/ItemListViewModel.swift,
				Views/ExpirationAlertKind.swift,
				Views/SharedTheme.swift,
			);
			target = 881962C52E550A8D00A3B0A9 /* LeftoversWidgetExtension */;
		};
		881962EE2E590AD600A3B0A9 /* Exceptions for "LeftoversWidget" folder in "Leftovers" target */ = {
			isa = PBXFileSystemSynchronizedBuildFileExceptionSet;
			membershipExceptions = (
				SharedStore.swift,
			);
			target = 881962812E54164000A3B0A9 /* Leftovers */;
		};
/* End PBXFileSystemSynchronizedBuildFileExceptionSet section */

/* Begin PBXFileSystemSynchronizedRootGroup section */
		881962842E54164000A3B0A9 /* Leftovers */ = {
			isa = PBXFileSystemSynchronizedRootGroup;
			exceptions = (
				881962E52E550B9500A3B0A9 /* Exceptions for "Leftovers" folder in "LeftoversWidgetExtension" target */,
			);
			path = Leftovers;
			sourceTree = "<group>";
		};
		881962CC2E550A8E00A3B0A9 /* LeftoversWidget */ = {
			isa = PBXFileSystemSynchronizedRootGroup;
			exceptions = (
				881962EE2E590AD600A3B0A9 /* Exceptions for "LeftoversWidget" folder in "Leftovers" target */,
				881962DD2E550A9000A3B0A9 /* Exceptions for "LeftoversWidget" folder in "LeftoversWidgetExtension" target */,
			);
			path = LeftoversWidget;
			sourceTree = "<group>";
		};
/* End PBXFileSystemSynchronizedRootGroup section */

/* Begin PBXFrameworksBuildPhase section */
		8819627F2E54164000A3B0A9 /* Frameworks */ = {
			isa = PBXFrameworksBuildPhase;
			buildActionMask = 2147483647;
			files = (
			);
			runOnlyForDeploymentPostprocessing = 0;
		};
		8819628C2E54164200A3B0A9 /* Frameworks */ = {
			isa = PBXFrameworksBuildPhase;
			buildActionMask = 2147483647;
			files = (
			);
			runOnlyForDeploymentPostprocessing = 0;
		};
		881962962E54164200A3B0A9 /* Frameworks */ = {
			isa = PBXFrameworksBuildPhase;
			buildActionMask = 2147483647;
			files = (
			);
			runOnlyForDeploymentPostprocessing = 0;
		};
		881962C32E550A8D00A3B0A9 /* Frameworks */ = {
			isa = PBXFrameworksBuildPhase;
			buildActionMask = 2147483647;
			files = (
				881962CB2E550A8E00A3B0A9 /* SwiftUI.framework in Frameworks */,
				881962C92E550A8E00A3B0A9 /* WidgetKit.framework in Frameworks */,
			);
			runOnlyForDeploymentPostprocessing = 0;
		};
/* End PBXFrameworksBuildPhase section */

/* Begin PBXGroup section */
		881962792E54164000A3B0A9 = {
			isa = PBXGroup;
			children = (
				881962F02E5D391500A3B0A9 /* LeftoversWidgetExtension.entitlements */,
				881962842E54164000A3B0A9 /* Leftovers */,
				881962CC2E550A8E00A3B0A9 /* LeftoversWidget */,
				881962C72E550A8E00A3B0A9 /* Frameworks */,
				881962832E54164000A3B0A9 /* Products */,
			);
			sourceTree = "<group>";
		};
		881962832E54164000A3B0A9 /* Products */ = {
			isa = PBXGroup;
			children = (
				881962822E54164000A3B0A9 /* Leftovers.app */,
				8819628F2E54164200A3B0A9 /* LeftoversTests.xctest */,
				881962992E54164200A3B0A9 /* LeftoversUITests.xctest */,
				881962C62E550A8D00A3B0A9 /* LeftoversWidgetExtension.appex */,
			);
			name = Products;
			sourceTree = "<group>";
		};
		881962C72E550A8E00A3B0A9 /* Frameworks */ = {
			isa = PBXGroup;
			children = (
				881962C82E550A8E00A3B0A9 /* WidgetKit.framework */,
				881962CA2E550A8E00A3B0A9 /* SwiftUI.framework */,
			);
			name = Frameworks;
			sourceTree = "<group>";
		};
/* End PBXGroup section */

/* Begin PBXNativeTarget section */
		881962812E54164000A3B0A9 /* Leftovers */ = {
			isa = PBXNativeTarget;
			buildConfigurationList = 881962A32E54164200A3B0A9 /* Build configuration list for PBXNativeTarget "Leftovers" */;
			buildPhases = (
				8819627E2E54164000A3B0A9 /* Sources */,
				8819627F2E54164000A3B0A9 /* Frameworks */,
				881962802E54164000A3B0A9 /* Resources */,
				881962E12E550A9000A3B0A9 /* Embed Foundation Extensions */,
			);
			buildRules = (
			);
			dependencies = (
				881962DB2E550A9000A3B0A9 /* PBXTargetDependency */,
			);
			fileSystemSynchronizedGroups = (
				881962842E54164000A3B0A9 /* Leftovers */,
			);
			name = Leftovers;
			packageProductDependencies = (
			);
			productName = Leftovers;
			productReference = 881962822E54164000A3B0A9 /* Leftovers.app */;
			productType = "com.apple.product-type.application";
		};
		8819628E2E54164200A3B0A9 /* LeftoversTests */ = {
			isa = PBXNativeTarget;
			buildConfigurationList = 881962A62E54164200A3B0A9 /* Build configuration list for PBXNativeTarget "LeftoversTests" */;
			buildPhases = (
				8819628B2E54164200A3B0A9 /* Sources */,
				8819628C2E54164200A3B0A9 /* Frameworks */,
				8819628D2E54164200A3B0A9 /* Resources */,
			);
			buildRules = (
			);
			dependencies = (
				881962912E54164200A3B0A9 /* PBXTargetDependency */,
			);
			name = LeftoversTests;
			packageProductDependencies = (
			);
			productName = LeftoversTests;
			productReference = 8819628F2E54164200A3B0A9 /* LeftoversTests.xctest */;
			productType = "com.apple.product-type.bundle.unit-test";
		};
		881962982E54164200A3B0A9 /* LeftoversUITests */ = {
			isa = PBXNativeTarget;
			buildConfigurationList = 881962A92E54164200A3B0A9 /* Build configuration list for PBXNativeTarget "LeftoversUITests" */;
			buildPhases = (
				881962952E54164200A3B0A9 /* Sources */,
				881962962E54164200A3B0A9 /* Frameworks */,
				881962972E54164200A3B0A9 /* Resources */,
			);
			buildRules = (
			);
			dependencies = (
				8819629B2E54164200A3B0A9 /* PBXTargetDependency */,
			);
			name = LeftoversUITests;
			packageProductDependencies = (
			);
			productName = LeftoversUITests;
			productReference = 881962992E54164200A3B0A9 /* LeftoversUITests.xctest */;
			productType = "com.apple.product-type.bundle.ui-testing";
		};
		881962C52E550A8D00A3B0A9 /* LeftoversWidgetExtension */ = {
			isa = PBXNativeTarget;
			buildConfigurationList = 881962DE2E550A9000A3B0A9 /* Build configuration list for PBXNativeTarget "LeftoversWidgetExtension" */;
			buildPhases = (
				881962C22E550A8D00A3B0A9 /* Sources */,
				881962C32E550A8D00A3B0A9 /* Frameworks */,
				881962C42E550A8D00A3B0A9 /* Resources */,
			);
			buildRules = (
			);
			dependencies = (
			);
			fileSystemSynchronizedGroups = (
				881962CC2E550A8E00A3B0A9 /* LeftoversWidget */,
			);
			name = LeftoversWidgetExtension;
			packageProductDependencies = (
			);
			productName = LeftoversWidgetExtension;
			productReference = 881962C62E550A8D00A3B0A9 /* LeftoversWidgetExtension.appex */;
			productType = "com.apple.product-type.app-extension";
		};
/* End PBXNativeTarget section */

/* Begin PBXProject section */
		8819627A2E54164000A3B0A9 /* Project object */ = {
			isa = PBXProject;
			attributes = {
				BuildIndependentTargetsInParallel = 1;
				LastSwiftUpdateCheck = 1640;
				LastUpgradeCheck = 1640;
				TargetAttributes = {
					881962812E54164000A3B0A9 = {
						CreatedOnToolsVersion = 16.4;
					};
					8819628E2E54164200A3B0A9 = {
						CreatedOnToolsVersion = 16.4;
						TestTargetID = 881962812E54164000A3B0A9;
					};
					881962982E54164200A3B0A9 = {
						CreatedOnToolsVersion = 16.4;
						TestTargetID = 881962812E54164000A3B0A9;
					};
					881962C52E550A8D00A3B0A9 = {
						CreatedOnToolsVersion = 16.4;
					};
				};
			};
			buildConfigurationList = 8819627D2E54164000A3B0A9 /* Build configuration list for PBXProject "Leftovers" */;
			developmentRegion = en;
			hasScannedForEncodings = 0;
			knownRegions = (
				en,
				Base,
			);
			mainGroup = 881962792E54164000A3B0A9;
			minimizedProjectReferenceProxies = 1;
			preferredProjectObjectVersion = 77;
			productRefGroup = 881962832E54164000A3B0A9 /* Products */;
			projectDirPath = "";
			projectRoot = "";
			targets = (
				881962812E54164000A3B0A9 /* Leftovers */,
				8819628E2E54164200A3B0A9 /* LeftoversTests */,
				881962982E54164200A3B0A9 /* LeftoversUITests */,
				881962C52E550A8D00A3B0A9 /* LeftoversWidgetExtension */,
			);
		};
/* End PBXProject section */

/* Begin PBXResourcesBuildPhase section */
		881962802E54164000A3B0A9 /* Resources */ = {
			isa = PBXResourcesBuildPhase;
			buildActionMask = 2147483647;
			files = (
			);
			runOnlyForDeploymentPostprocessing = 0;
		};
		8819628D2E54164200A3B0A9 /* Resources */ = {
			isa = PBXResourcesBuildPhase;
			buildActionMask = 2147483647;
			files = (
			);
			runOnlyForDeploymentPostprocessing = 0;
		};
		881962972E54164200A3B0A9 /* Resources */ = {
			isa = PBXResourcesBuildPhase;
			buildActionMask = 2147483647;
			files = (
			);
			runOnlyForDeploymentPostprocessing = 0;
		};
		881962C42E550A8D00A3B0A9 /* Resources */ = {
			isa = PBXResourcesBuildPhase;
			buildActionMask = 2147483647;
			files = (
			);
			runOnlyForDeploymentPostprocessing = 0;
		};
/* End PBXResourcesBuildPhase section */

/* Begin PBXSourcesBuildPhase section */
		8819627E2E54164000A3B0A9 /* Sources */ = {
			isa = PBXSourcesBuildPhase;
			buildActionMask = 2147483647;
			files = (
			);
			runOnlyForDeploymentPostprocessing = 0;
		};
		8819628B2E54164200A3B0A9 /* Sources */ = {
			isa = PBXSourcesBuildPhase;
			buildActionMask = 2147483647;
			files = (
			);
			runOnlyForDeploymentPostprocessing = 0;
		};
		881962952E54164200A3B0A9 /* Sources */ = {
			isa = PBXSourcesBuildPhase;
			buildActionMask = 2147483647;
			files = (
			);
			runOnlyForDeploymentPostprocessing = 0;
		};
		881962C22E550A8D00A3B0A9 /* Sources */ = {
			isa = PBXSourcesBuildPhase;
			buildActionMask = 2147483647;
			files = (
			);
			runOnlyForDeploymentPostprocessing = 0;
		};
/* End PBXSourcesBuildPhase section */

/* Begin PBXTargetDependency section */
		881962912E54164200A3B0A9 /* PBXTargetDependency */ = {
			isa = PBXTargetDependency;
			target = 881962812E54164000A3B0A9 /* Leftovers */;
			targetProxy = 881962902E54164200A3B0A9 /* PBXContainerItemProxy */;
		};
		8819629B2E54164200A3B0A9 /* PBXTargetDependency */ = {
			isa = PBXTargetDependency;
			target = 881962812E54164000A3B0A9 /* Leftovers */;
			targetProxy = 8819629A2E54164200A3B0A9 /* PBXContainerItemProxy */;
		};
		881962DB2E550A9000A3B0A9 /* PBXTargetDependency */ = {
			isa = PBXTargetDependency;
			target = 881962C52E550A8D00A3B0A9 /* LeftoversWidgetExtension */;
			targetProxy = 881962DA2E550A9000A3B0A9 /* PBXContainerItemProxy */;
		};
/* End PBXTargetDependency section */

/* Begin XCBuildConfiguration section */
		881962A12E54164200A3B0A9 /* Debug */ = {
			isa = XCBuildConfiguration;
			buildSettings = {
				ALWAYS_SEARCH_USER_PATHS = NO;
				ASSETCATALOG_COMPILER_GENERATE_SWIFT_ASSET_SYMBOL_EXTENSIONS = YES;
				CLANG_ANALYZER_NONNULL = YES;
				CLANG_ANALYZER_NUMBER_OBJECT_CONVERSION = YES_AGGRESSIVE;
				CLANG_CXX_LANGUAGE_STANDARD = "gnu++20";
				CLANG_ENABLE_MODULES = YES;
				CLANG_ENABLE_OBJC_ARC = YES;
				CLANG_ENABLE_OBJC_WEAK = YES;
				CLANG_WARN_BLOCK_CAPTURE_AUTORELEASING = YES;
				CLANG_WARN_BOOL_CONVERSION = YES;
				CLANG_WARN_COMMA = YES;
				CLANG_WARN_CONSTANT_CONVERSION = YES;
				CLANG_WARN_DEPRECATED_OBJC_IMPLEMENTATIONS = YES;
				CLANG_WARN_DIRECT_OBJC_ISA_USAGE = YES_ERROR;
				CLANG_WARN_DOCUMENTATION_COMMENTS = YES;
				CLANG_WARN_EMPTY_BODY = YES;
				CLANG_WARN_ENUM_CONVERSION = YES;
				CLANG_WARN_INFINITE_RECURSION = YES;
				CLANG_WARN_INT_CONVERSION = YES;
				CLANG_WARN_NON_LITERAL_NULL_CONVERSION = YES;
				CLANG_WARN_OBJC_IMPLICIT_RETAIN_SELF = YES;
				CLANG_WARN_OBJC_LITERAL_CONVERSION = YES;
				CLANG_WARN_OBJC_ROOT_CLASS = YES_ERROR;
				CLANG_WARN_QUOTED_INCLUDE_IN_FRAMEWORK_HEADER = YES;
				CLANG_WARN_RANGE_LOOP_ANALYSIS = YES;
				CLANG_WARN_STRICT_PROTOTYPES = YES;
				CLANG_WARN_SUSPICIOUS_MOVE = YES;
				CLANG_WARN_UNGUARDED_AVAILABILITY = YES_AGGRESSIVE;
				CLANG_WARN_UNREACHABLE_CODE = YES;
				CLANG_WARN__DUPLICATE_METHOD_MATCH = YES;
				COPY_PHASE_STRIP = NO;
				DEBUG_INFORMATION_FORMAT = dwarf;
				ENABLE_STRICT_OBJC_MSGSEND = YES;
				ENABLE_TESTABILITY = YES;
				ENABLE_USER_SCRIPT_SANDBOXING = YES;
				GCC_C_LANGUAGE_STANDARD = gnu17;
				GCC_DYNAMIC_NO_PIC = NO;
				GCC_NO_COMMON_BLOCKS = YES;
				GCC_OPTIMIZATION_LEVEL = 0;
				GCC_PREPROCESSOR_DEFINITIONS = (
					"DEBUG=1",
					"$(inherited)",
				);
				GCC_WARN_64_TO_32_BIT_CONVERSION = YES;
				GCC_WARN_ABOUT_RETURN_TYPE = YES_ERROR;
				GCC_WARN_UNDECLARED_SELECTOR = YES;
				GCC_WARN_UNINITIALIZED_AUTOS = YES_AGGRESSIVE;
				GCC_WARN_UNUSED_FUNCTION = YES;
				GCC_WARN_UNUSED_VARIABLE = YES;
				IPHONEOS_DEPLOYMENT_TARGET = 18.5;
				LOCALIZATION_PREFERS_STRING_CATALOGS = YES;
				MTL_ENABLE_DEBUG_INFO = INCLUDE_SOURCE;
				MTL_FAST_MATH = YES;
				ONLY_ACTIVE_ARCH = YES;
				SDKROOT = iphoneos;
				SWIFT_ACTIVE_COMPILATION_CONDITIONS = "DEBUG $(inherited)";
				SWIFT_OPTIMIZATION_LEVEL = "-Onone";
			};
			name = Debug;
		};
		881962A22E54164200A3B0A9 /* Release */ = {
			isa = XCBuildConfiguration;
			buildSettings = {
				ALWAYS_SEARCH_USER_PATHS = NO;
				ASSETCATALOG_COMPILER_GENERATE_SWIFT_ASSET_SYMBOL_EXTENSIONS = YES;
				CLANG_ANALYZER_NONNULL = YES;
				CLANG_ANALYZER_NUMBER_OBJECT_CONVERSION = YES_AGGRESSIVE;
				CLANG_CXX_LANGUAGE_STANDARD = "gnu++20";
				CLANG_ENABLE_MODULES = YES;
				CLANG_ENABLE_OBJC_ARC = YES;
				CLANG_ENABLE_OBJC_WEAK = YES;
				CLANG_WARN_BLOCK_CAPTURE_AUTORELEASING = YES;
				CLANG_WARN_BOOL_CONVERSION = YES;
				CLANG_WARN_COMMA = YES;
				CLANG_WARN_CONSTANT_CONVERSION = YES;
				CLANG_WARN_DEPRECATED_OBJC_IMPLEMENTATIONS = YES;
				CLANG_WARN_DIRECT_OBJC_ISA_USAGE = YES_ERROR;
				CLANG_WARN_DOCUMENTATION_COMMENTS = YES;
				CLANG_WARN_EMPTY_BODY = YES;
				CLANG_WARN_ENUM_CONVERSION = YES;
				CLANG_WARN_INFINITE_RECURSION = YES;
				CLANG_WARN_INT_CONVERSION = YES;
				CLANG_WARN_NON_LITERAL_NULL_CONVERSION = YES;
				CLANG_WARN_OBJC_IMPLICIT_RETAIN_SELF = YES;
				CLANG_WARN_OBJC_LITERAL_CONVERSION = YES;
				CLANG_WARN_OBJC_ROOT_CLASS = YES_ERROR;
				CLANG_WARN_QUOTED_INCLUDE_IN_FRAMEWORK_HEADER = YES;
				CLANG_WARN_RANGE_LOOP_ANALYSIS = YES;
				CLANG_WARN_STRICT_PROTOTYPES = YES;
				CLANG_WARN_SUSPICIOUS_MOVE = YES;
				CLANG_WARN_UNGUARDED_AVAILABILITY = YES_AGGRESSIVE;
				CLANG_WARN_UNREACHABLE_CODE = YES;
				CLANG_WARN__DUPLICATE_METHOD_MATCH = YES;
				COPY_PHASE_STRIP = NO;
				DEBUG_INFORMATION_FORMAT = "dwarf-with-dsym";
				ENABLE_NS_ASSERTIONS = NO;
				ENABLE_STRICT_OBJC_MSGSEND = YES;
				ENABLE_USER_SCRIPT_SANDBOXING = YES;
				GCC_C_LANGUAGE_STANDARD = gnu17;
				GCC_NO_COMMON_BLOCKS = YES;
				GCC_WARN_64_TO_32_BIT_CONVERSION = YES;
				GCC_WARN_ABOUT_RETURN_TYPE = YES_ERROR;
				GCC_WARN_UNDECLARED_SELECTOR = YES;
				GCC_WARN_UNINITIALIZED_AUTOS = YES_AGGRESSIVE;
				GCC_WARN_UNUSED_FUNCTION = YES;
				GCC_WARN_UNUSED_VARIABLE = YES;
				IPHONEOS_DEPLOYMENT_TARGET = 18.5;
				LOCALIZATION_PREFERS_STRING_CATALOGS = YES;
				MTL_ENABLE_DEBUG_INFO = NO;
				MTL_FAST_MATH = YES;
				SDKROOT = iphoneos;
				SWIFT_COMPILATION_MODE = wholemodule;
				VALIDATE_PRODUCT = YES;
			};
			name = Release;
		};
		881962A42E54164200A3B0A9 /* Debug */ = {
			isa = XCBuildConfiguration;
			buildSettings = {
				ASSETCATALOG_COMPILER_APPICON_NAME = AppIcon;
				ASSETCATALOG_COMPILER_GLOBAL_ACCENT_COLOR_NAME = AccentColor;
				CODE_SIGN_ENTITLEMENTS = Leftovers/Leftovers.entitlements;
				CODE_SIGN_STYLE = Automatic;
				CURRENT_PROJECT_VERSION = 1;
				DEVELOPMENT_TEAM = BACXK7C627;
				ENABLE_PREVIEWS = YES;
				GENERATE_INFOPLIST_FILE = YES;
				INFOPLIST_KEY_UIApplicationSceneManifest_Generation = YES;
				INFOPLIST_KEY_UIApplicationSupportsIndirectInputEvents = YES;
				INFOPLIST_KEY_UILaunchScreen_Generation = YES;
				INFOPLIST_KEY_UISupportedInterfaceOrientations_iPad = "UIInterfaceOrientationPortrait UIInterfaceOrientationPortraitUpsideDown UIInterfaceOrientationLandscapeLeft UIInterfaceOrientationLandscapeRight";
				INFOPLIST_KEY_UISupportedInterfaceOrientations_iPhone = "UIInterfaceOrientationPortrait UIInterfaceOrientationLandscapeLeft UIInterfaceOrientationLandscapeRight";
				LD_RUNPATH_SEARCH_PATHS = (
					"$(inherited)",
					"@executable_path/Frameworks",
				);
				MARKETING_VERSION = 1.0;
				PRODUCT_BUNDLE_IDENTIFIER = Pouyan.Leftovers;
				PRODUCT_NAME = "$(TARGET_NAME)";
				SWIFT_EMIT_LOC_STRINGS = YES;
				SWIFT_VERSION = 5.0;
				TARGETED_DEVICE_FAMILY = "1,2";
			};
			name = Debug;
		};
		881962A52E54164200A3B0A9 /* Release */ = {
			isa = XCBuildConfiguration;
			buildSettings = {
				ASSETCATALOG_COMPILER_APPICON_NAME = AppIcon;
				ASSETCATALOG_COMPILER_GLOBAL_ACCENT_COLOR_NAME = AccentColor;
				CODE_SIGN_ENTITLEMENTS = Leftovers/Leftovers.entitlements;
				CODE_SIGN_STYLE = Automatic;
				CURRENT_PROJECT_VERSION = 1;
				DEVELOPMENT_TEAM = BACXK7C627;
				ENABLE_PREVIEWS = YES;
				GENERATE_INFOPLIST_FILE = YES;
				INFOPLIST_KEY_UIApplicationSceneManifest_Generation = YES;
				INFOPLIST_KEY_UIApplicationSupportsIndirectInputEvents = YES;
				INFOPLIST_KEY_UILaunchScreen_Generation = YES;
				INFOPLIST_KEY_UISupportedInterfaceOrientations_iPad = "UIInterfaceOrientationPortrait UIInterfaceOrientationPortraitUpsideDown UIInterfaceOrientationLandscapeLeft UIInterfaceOrientationLandscapeRight";
				INFOPLIST_KEY_UISupportedInterfaceOrientations_iPhone = "UIInterfaceOrientationPortrait UIInterfaceOrientationLandscapeLeft UIInterfaceOrientationLandscapeRight";
				LD_RUNPATH_SEARCH_PATHS = (
					"$(inherited)",
					"@executable_path/Frameworks",
				);
				MARKETING_VERSION = 1.0;
				PRODUCT_BUNDLE_IDENTIFIER = Pouyan.Leftovers;
				PRODUCT_NAME = "$(TARGET_NAME)";
				SWIFT_EMIT_LOC_STRINGS = YES;
				SWIFT_VERSION = 5.0;
				TARGETED_DEVICE_FAMILY = "1,2";
			};
			name = Release;
		};
		881962A72E54164200A3B0A9 /* Debug */ = {
			isa = XCBuildConfiguration;
			buildSettings = {
				BUNDLE_LOADER = "$(TEST_HOST)";
				CODE_SIGN_STYLE = Automatic;
				CURRENT_PROJECT_VERSION = 1;
				GENERATE_INFOPLIST_FILE = YES;
				IPHONEOS_DEPLOYMENT_TARGET = 18.5;
				MARKETING_VERSION = 1.0;
				PRODUCT_BUNDLE_IDENTIFIER = Pouyan.LeftoversTests;
				PRODUCT_NAME = "$(TARGET_NAME)";
				SWIFT_EMIT_LOC_STRINGS = NO;
				SWIFT_VERSION = 5.0;
				TARGETED_DEVICE_FAMILY = "1,2";
				TEST_HOST = "$(BUILT_PRODUCTS_DIR)/Leftovers.app/$(BUNDLE_EXECUTABLE_FOLDER_PATH)/Leftovers";
			};
			name = Debug;
		};
		881962A82E54164200A3B0A9 /* Release */ = {
			isa = XCBuildConfiguration;
			buildSettings = {
				BUNDLE_LOADER = "$(TEST_HOST)";
				CODE_SIGN_STYLE = Automatic;
				CURRENT_PROJECT_VERSION = 1;
				GENERATE_INFOPLIST_FILE = YES;
				IPHONEOS_DEPLOYMENT_TARGET = 18.5;
				MARKETING_VERSION = 1.0;
				PRODUCT_BUNDLE_IDENTIFIER = Pouyan.LeftoversTests;
				PRODUCT_NAME = "$(TARGET_NAME)";
				SWIFT_EMIT_LOC_STRINGS = NO;
				SWIFT_VERSION = 5.0;
				TARGETED_DEVICE_FAMILY = "1,2";
				TEST_HOST = "$(BUILT_PRODUCTS_DIR)/Leftovers.app/$(BUNDLE_EXECUTABLE_FOLDER_PATH)/Leftovers";
			};
			name = Release;
		};
		881962AA2E54164200A3B0A9 /* Debug */ = {
			isa = XCBuildConfiguration;
			buildSettings = {
				CODE_SIGN_STYLE = Automatic;
				CURRENT_PROJECT_VERSION = 1;
				GENERATE_INFOPLIST_FILE = YES;
				MARKETING_VERSION = 1.0;
				PRODUCT_BUNDLE_IDENTIFIER = Pouyan.LeftoversUITests;
				PRODUCT_NAME = "$(TARGET_NAME)";
				SWIFT_EMIT_LOC_STRINGS = NO;
				SWIFT_VERSION = 5.0;
				TARGETED_DEVICE_FAMILY = "1,2";
				TEST_TARGET_NAME = Leftovers;
			};
			name = Debug;
		};
		881962AB2E54164200A3B0A9 /* Release */ = {
			isa = XCBuildConfiguration;
			buildSettings = {
				CODE_SIGN_STYLE = Automatic;
				CURRENT_PROJECT_VERSION = 1;
				GENERATE_INFOPLIST_FILE = YES;
				MARKETING_VERSION = 1.0;
				PRODUCT_BUNDLE_IDENTIFIER = Pouyan.LeftoversUITests;
				PRODUCT_NAME = "$(TARGET_NAME)";
				SWIFT_EMIT_LOC_STRINGS = NO;
				SWIFT_VERSION = 5.0;
				TARGETED_DEVICE_FAMILY = "1,2";
				TEST_TARGET_NAME = Leftovers;
			};
			name = Release;
		};
		881962DF2E550A9000A3B0A9 /* Debug */ = {
			isa = XCBuildConfiguration;
			buildSettings = {
				ASSETCATALOG_COMPILER_GLOBAL_ACCENT_COLOR_NAME = AccentColor;
				ASSETCATALOG_COMPILER_WIDGET_BACKGROUND_COLOR_NAME = WidgetBackground;
				CODE_SIGN_ENTITLEMENTS = LeftoversWidgetExtension.entitlements;
				CODE_SIGN_STYLE = Automatic;
				CURRENT_PROJECT_VERSION = 1;
				DEVELOPMENT_TEAM = BACXK7C627;
				GENERATE_INFOPLIST_FILE = YES;
				INFOPLIST_FILE = LeftoversWidget/Info.plist;
				INFOPLIST_KEY_CFBundleDisplayName = LeftoversWidget;
				INFOPLIST_KEY_NSHumanReadableCopyright = "";
				LD_RUNPATH_SEARCH_PATHS = (
					"$(inherited)",
					"@executable_path/Frameworks",
					"@executable_path/../../Frameworks",
				);
				MARKETING_VERSION = 1.0;
				PRODUCT_BUNDLE_IDENTIFIER = Pouyan.Leftovers.LeftoversWidget;
				PRODUCT_NAME = "$(TARGET_NAME)";
				SKIP_INSTALL = YES;
				SWIFT_EMIT_LOC_STRINGS = YES;
				SWIFT_VERSION = 5.0;
				TARGETED_DEVICE_FAMILY = "1,2";
			};
			name = Debug;
		};
		881962E02E550A9000A3B0A9 /* Release */ = {
			isa = XCBuildConfiguration;
			buildSettings = {
				ASSETCATALOG_COMPILER_GLOBAL_ACCENT_COLOR_NAME = AccentColor;
				ASSETCATALOG_COMPILER_WIDGET_BACKGROUND_COLOR_NAME = WidgetBackground;
				CODE_SIGN_ENTITLEMENTS = LeftoversWidgetExtension.entitlements;
				CODE_SIGN_STYLE = Automatic;
				CURRENT_PROJECT_VERSION = 1;
				DEVELOPMENT_TEAM = BACXK7C627;
				GENERATE_INFOPLIST_FILE = YES;
				INFOPLIST_FILE = LeftoversWidget/Info.plist;
				INFOPLIST_KEY_CFBundleDisplayName = LeftoversWidget;
				INFOPLIST_KEY_NSHumanReadableCopyright = "";
				LD_RUNPATH_SEARCH_PATHS = (
					"$(inherited)",
					"@executable_path/Frameworks",
					"@executable_path/../../Frameworks",
				);
				MARKETING_VERSION = 1.0;
				PRODUCT_BUNDLE_IDENTIFIER = Pouyan.Leftovers.LeftoversWidget;
				PRODUCT_NAME = "$(TARGET_NAME)";
				SKIP_INSTALL = YES;
				SWIFT_EMIT_LOC_STRINGS = YES;
				SWIFT_VERSION = 5.0;
				TARGETED_DEVICE_FAMILY = "1,2";
			};
			name = Release;
		};
/* End XCBuildConfiguration section */

/* Begin XCConfigurationList section */
		8819627D2E54164000A3B0A9 /* Build configuration list for PBXProject "Leftovers" */ = {
			isa = XCConfigurationList;
			buildConfigurations = (
				881962A12E54164200A3B0A9 /* Debug */,
				881962A22E54164200A3B0A9 /* Release */,
			);
			defaultConfigurationIsVisible = 0;
			defaultConfigurationName = Release;
		};
		881962A32E54164200A3B0A9 /* Build configuration list for PBXNativeTarget "Leftovers" */ = {
			isa = XCConfigurationList;
			buildConfigurations = (
				881962A42E54164200A3B0A9 /* Debug */,
				881962A52E54164200A3B0A9 /* Release */,
			);
			defaultConfigurationIsVisible = 0;
			defaultConfigurationName = Release;
		};
		881962A62E54164200A3B0A9 /* Build configuration list for PBXNativeTarget "LeftoversTests" */ = {
			isa = XCConfigurationList;
			buildConfigurations = (
				881962A72E54164200A3B0A9 /* Debug */,
				881962A82E54164200A3B0A9 /* Release */,
			);
			defaultConfigurationIsVisible = 0;
			defaultConfigurationName = Release;
		};
		881962A92E54164200A3B0A9 /* Build configuration list for PBXNativeTarget "LeftoversUITests" */ = {
			isa = XCConfigurationList;
			buildConfigurations = (
				881962AA2E54164200A3B0A9 /* Debug */,
				881962AB2E54164200A3B0A9 /* Release */,
			);
			defaultConfigurationIsVisible = 0;
			defaultConfigurationName = Release;
		};
		881962DE2E550A9000A3B0A9 /* Build configuration list for PBXNativeTarget "LeftoversWidgetExtension" */ = {
			isa = XCConfigurationList;
			buildConfigurations = (
				881962DF2E550A9000A3B0A9 /* Debug */,
				881962E02E550A9000A3B0A9 /* Release */,
			);
			defaultConfigurationIsVisible = 0;
			defaultConfigurationName = Release;
		};
/* End XCConfigurationList section */
	};
	rootObject = 8819627A2E54164000A3B0A9 /* Project object */;
}
